
Microsoft Visual Studio Solution File, Format Version 12.00
# Visual Studio Version 17
VisualStudioVersion = 17.4.33110.190
MinimumVisualStudioVersion = 10.0.40219.1
Project("{FAE04EC0-301F-11D3-BF4B-00C04F79EFBC}") = "Dll", "Dll\Dll.csproj", "{3C0D013C-BDBD-463B-86F0-1BD401DCF089}"
EndProject
Global
	GlobalSection(SolutionConfigurationPlatforms) = preSolution
		Debug|Any CPU = Debug|Any CPU
		Release|Any CPU = Release|Any CPU
	EndGlobalSection
	GlobalSection(ProjectConfigurationPlatforms) = postSolution
		{3C0D013C-BDBD-463B-86F0-1BD401DCF089}.Debug|Any CPU.ActiveCfg = Debug|Any CPU
		{3C0D013C-BDBD-463B-86F0-1BD401DCF089}.Debug|Any CPU.Build.0 = Debug|Any CPU
		{3C0D013C-BDBD-463B-86F0-1BD401DCF089}.Release|Any CPU.ActiveCfg = Release|Any CPU
		{3C0D013C-BDBD-463B-86F0-1BD401DCF089}.Release|Any CPU.Build.0 = Release|Any CPU
	EndGlobalSection
	GlobalSection(SolutionProperties) = preSolution
		HideSolutionNode = FALSE
	EndGlobalSection
	GlobalSection(ExtensibilityGlobals) = postSolution
		SolutionGuid = {ADC518CA-95C3-4FEB-ADED-5FA5FF7F18F1}
	EndGlobalSection
EndGlobal
